
Microsoft Visual Studio Solution File, Format Version 12.00
# Visual Studio Version 16
VisualStudioVersion = 16.0.31729.503
MinimumVisualStudioVersion = 10.0.40219.1
Project("{FAE04EC0-301F-11D3-BF4B-00C04F79EFBC}") = "WebApi_angular", "WebApi_angular.csproj", "{34ED2285-9BBE-4411-934F-1435694BF64C}"
EndProject
Global
	GlobalSection(SolutionConfigurationPlatforms) = preSolution
		Debug|Any CPU = Debug|Any CPU
		Release|Any CPU = Release|Any CPU
	EndGlobalSection
	GlobalSection(ProjectConfigurationPlatforms) = postSolution
		{34ED2285-9BBE-4411-934F-1435694BF64C}.Debug|Any CPU.ActiveCfg = Debug|Any CPU
		{34ED2285-9BBE-4411-934F-1435694BF64C}.Debug|Any CPU.Build.0 = Debug|Any CPU
		{34ED2285-9BBE-4411-934F-1435694BF64C}.Release|Any CPU.ActiveCfg = Release|Any CPU
		{34ED2285-9BBE-4411-934F-1435694BF64C}.Release|Any CPU.Build.0 = Release|Any CPU
	EndGlobalSection
	GlobalSection(SolutionProperties) = preSolution
		HideSolutionNode = FALSE
	EndGlobalSection
	GlobalSection(ExtensibilityGlobals) = postSolution
		SolutionGuid = {A1A8C3C5-F5A1-4C3E-A179-3DB8DB3A06AB}
	EndGlobalSection
EndGlobal
